PODS:
  - Alamofire (5.5.0)
  - Kingfisher (7.2.1)

DEPENDENCIES:
  - Alamofire
  - Kingfisher

SPEC REPOS:
  trunk:
    - Alamofire
    - Kingfisher

SPEC CHECKSUMS:
  Alamofire: 1c4fb5369c3fe93d2857c780d8bbe09f06f97e7c
  Kingfisher: 7c084bebf7d548c623ad41bcf765fb200efed369

PODFILE CHECKSUM: 9a3da7f77acf2a63886775b9a0269b4b12f37d5b

COCOAPODS: 1.11.2
