// !$*UTF8*$!
{
	archiveVersion = 1;
	classes = {
	};
	objectVersion = 55;
	objects = {

/* Begin PBXBuildFile section */
		CEEABD69282E161200E7767F /* AppDelegate.swift in Sources */ = {isa = PBXBuildFile; fileRef = CEEABD68282E161200E7767F /* AppDelegate.swift */; };
		CEEABD6B282E161200E7767F /* SceneDelegate.swift in Sources */ = {isa = PBXBuildFile; fileRef = CEEABD6A282E161200E7767F /* SceneDelegate.swift */; };
		CEEABD6D282E161200E7767F /* FavoriteStoreListViewController.swift in Sources */ = {isa = PBXBuildFile; fileRef = CEEABD6C282E161200E7767F /* FavoriteStoreListViewController.swift */; };
		CEEABD70282E161200E7767F /* Main.storyboard in Resources */ = {isa = PBXBuildFile; fileRef = CEEABD6E282E161200E7767F /* Main.storyboard */; };
		CEEABD72282E161600E7767F /* Assets.xcassets in Resources */ = {isa = PBXBuildFile; fileRef = CEEABD71282E161600E7767F /* Assets.xcassets */; };
		CEEABD75282E161600E7767F /* LaunchScreen.storyboard in Resources */ = {isa = PBXBuildFile; fileRef = CEEABD73282E161600E7767F /* LaunchScreen.storyboard */; };
		CEEABD87282E3C0900E7767F /* StoreTableViewCell.swift in Sources */ = {isa = PBXBuildFile; fileRef = CEEABD85282E3C0900E7767F /* StoreTableViewCell.swift */; };
		CEEABD88282E3C0900E7767F /* StoreTableViewCell.xib in Resources */ = {isa = PBXBuildFile; fileRef = CEEABD86282E3C0900E7767F /* StoreTableViewCell.xib */; };
		CEEABD8A282F42EB00E7767F /* FavoriteStoreListTableViewHeaderView.swift in Sources */ = {isa = PBXBuildFile; fileRef = CEEABD89282F42EB00E7767F /* FavoriteStoreListTableViewHeaderView.swift */; };
		CEEABD8C282F431000E7767F /* FavoriteStoreListTableViewHeaderView.xib in Resources */ = {isa = PBXBuildFile; fileRef = CEEABD8B282F431000E7767F /* FavoriteStoreListTableViewHeaderView.xib */; };
		E8A929ADB90A13DE446FE7C3 /* Pods_TablingTest.framework in Frameworks */ = {isa = PBXBuildFile; fileRef = 1A9F37445A18FB4FE3FDE10E /* Pods_TablingTest.framework */; };
/* End PBXBuildFile section */

/* Begin PBXFileReference section */
		1A9F37445A18FB4FE3FDE10E /* Pods_TablingTest.framework */ = {isa = PBXFileReference; explicitFileType = wrapper.framework; includeInIndex = 0; path = Pods_TablingTest.framework; sourceTree = BUILT_PRODUCTS_DIR; };
		27FDE58084D8D60764709629 /* Pods-TablingTest.release.xcconfig */ = {isa = PBXFileReference; includeInIndex = 1; lastKnownFileType = text.xcconfig; name = "Pods-TablingTest.release.xcconfig"; path = "Target Support Files/Pods-TablingTest/Pods-TablingTest.release.xcconfig"; sourceTree = "<group>"; };
		85BCBD6F9DD4A1013573DC0F /* Pods-TablingTest.debug.xcconfig */ = {isa = PBXFileReference; includeInIndex = 1; lastKnownFileType = text.xcconfig; name = "Pods-TablingTest.debug.xcconfig"; path = "Target Support Files/Pods-TablingTest/Pods-TablingTest.debug.xcconfig"; sourceTree = "<group>"; };
		CEEABD65282E161200E7767F /* TablingTest.app */ = {isa = PBXFileReference; explicitFileType = wrapper.application; includeInIndex = 0; path = TablingTest.app; sourceTree = BUILT_PRODUCTS_DIR; };
		CEEABD68282E161200E7767F /* AppDelegate.swift */ = {isa = PBXFileReference; lastKnownFileType = sourcecode.swift; path = AppDelegate.swift; sourceTree = "<group>"; };
		CEEABD6A282E161200E7767F /* SceneDelegate.swift */ = {isa = PBXFileReference; lastKnownFileType = sourcecode.swift; path = SceneDelegate.swift; sourceTree = "<group>"; };
		CEEABD6C282E161200E7767F /* FavoriteStoreListViewController.swift */ = {isa = PBXFileReference; lastKnownFileType = sourcecode.swift; path = FavoriteStoreListViewController.swift; sourceTree = "<group>"; };
		CEEABD6F282E161200E7767F /* Base */ = {isa = PBXFileReference; lastKnownFileType = file.storyboard; name = Base; path = Base.lproj/Main.storyboard; sourceTree = "<group>"; };
		CEEABD71282E161600E7767F /* Assets.xcassets */ = {isa = PBXFileReference; lastKnownFileType = folder.assetcatalog; path = Assets.xcassets; sourceTree = "<group>"; };
		CEEABD74282E161600E7767F /* Base */ = {isa = PBXFileReference; lastKnownFileType = file.storyboard; name = Base; path = Base.lproj/LaunchScreen.storyboard; sourceTree = "<group>"; };
		CEEABD76282E161600E7767F /* Info.plist */ = {isa = PBXFileReference; lastKnownFileType = text.plist.xml; path = Info.plist; sourceTree = "<group>"; };
		CEEABD85282E3C0900E7767F /* StoreTableViewCell.swift */ = {isa = PBXFileReference; lastKnownFileType = sourcecode.swift; path = StoreTableViewCell.swift; sourceTree = "<group>"; };
		CEEABD86282E3C0900E7767F /* StoreTableViewCell.xib */ = {isa = PBXFileReference; lastKnownFileType = file.xib; path = StoreTableViewCell.xib; sourceTree = "<group>"; };
		CEEABD89282F42EB00E7767F /* FavoriteStoreListTableViewHeaderView.swift */ = {isa = PBXFileReference; lastKnownFileType = sourcecode.swift; path = FavoriteStoreListTableViewHeaderView.swift; sourceTree = "<group>"; };
		CEEABD8B282F431000E7767F /* FavoriteStoreListTableViewHeaderView.xib */ = {isa = PBXFileReference; lastKnownFileType = file.xib; path = FavoriteStoreListTableViewHeaderView.xib; sourceTree = "<group>"; };
/* End PBXFileReference section */

/* Begin PBXFrameworksBuildPhase section */
		CEEABD62282E161200E7767F /* Frameworks */ = {
			isa = PBXFrameworksBuildPhase;
			buildActionMask = 2147483647;
			files = (
				E8A929ADB90A13DE446FE7C3 /* Pods_TablingTest.framework in Frameworks */,
			);
			runOnlyForDeploymentPostprocessing = 0;
		};
/* End PBXFrameworksBuildPhase section */

/* Begin PBXGroup section */
		13838676E8D8A0A6FC8532B7 /* Pods */ = {
			isa = PBXGroup;
			children = (
				85BCBD6F9DD4A1013573DC0F /* Pods-TablingTest.debug.xcconfig */,
				27FDE58084D8D60764709629 /* Pods-TablingTest.release.xcconfig */,
			);
			path = Pods;
			sourceTree = "<group>";
		};
		4F7C991397BB65738B22E813 /* Frameworks */ = {
			isa = PBXGroup;
			children = (
				1A9F37445A18FB4FE3FDE10E /* Pods_TablingTest.framework */,
			);
			name = Frameworks;
			sourceTree = "<group>";
		};
		CEEABD5C282E161200E7767F = {
			isa = PBXGroup;
			children = (
				CEEABD67282E161200E7767F /* TablingTest */,
				CEEABD66282E161200E7767F /* Products */,
				13838676E8D8A0A6FC8532B7 /* Pods */,
				4F7C991397BB65738B22E813 /* Frameworks */,
			);
			sourceTree = "<group>";
		};
		CEEABD66282E161200E7767F /* Products */ = {
			isa = PBXGroup;
			children = (
				CEEABD65282E161200E7767F /* TablingTest.app */,
			);
			name = Products;
			sourceTree = "<group>";
		};
		CEEABD67282E161200E7767F /* TablingTest */ = {
			isa = PBXGroup;
			children = (
				CEEABD7D282E17EF00E7767F /* Sources */,
				CEEABD7F282E185C00E7767F /* Interface */,
				CEEABD7C282E17D600E7767F /* Supporting Files */,
			);
			path = TablingTest;
			sourceTree = "<group>";
		};
		CEEABD7C282E17D600E7767F /* Supporting Files */ = {
			isa = PBXGroup;
			children = (
				CEEABD71282E161600E7767F /* Assets.xcassets */,
				CEEABD73282E161600E7767F /* LaunchScreen.storyboard */,
				CEEABD76282E161600E7767F /* Info.plist */,
			);
			path = "Supporting Files";
			sourceTree = "<group>";
		};
		CEEABD7D282E17EF00E7767F /* Sources */ = {
			isa = PBXGroup;
			children = (
				CEEABD68282E161200E7767F /* AppDelegate.swift */,
				CEEABD6A282E161200E7767F /* SceneDelegate.swift */,
				CEEABD6C282E161200E7767F /* FavoriteStoreListViewController.swift */,
				CEEABD85282E3C0900E7767F /* StoreTableViewCell.swift */,
				CEEABD86282E3C0900E7767F /* StoreTableViewCell.xib */,
				CEEABD89282F42EB00E7767F /* FavoriteStoreListTableViewHeaderView.swift */,
				CEEABD8B282F431000E7767F /* FavoriteStoreListTableViewHeaderView.xib */,
			);
			path = Sources;
			sourceTree = "<group>";
		};
		CEEABD7F282E185C00E7767F /* Interface */ = {
			isa = PBXGroup;
			children = (
				CEEABD6E282E161200E7767F /* Main.storyboard */,
			);
			path = Interface;
			sourceTree = "<group>";
		};
/* End PBXGroup section */

/* Begin PBXNativeTarget section */
		CEEABD64282E161200E7767F /* TablingTest */ = {
			isa = PBXNativeTarget;
			buildConfigurationList = CEEABD79282E161600E7767F /* Build configuration list for PBXNativeTarget "TablingTest" */;
			buildPhases = (
				0DF4A74B21CC766A1A4DFAE6 /* [CP] Check Pods Manifest.lock */,
				CEEABD61282E161200E7767F /* Sources */,
				CEEABD62282E161200E7767F /* Frameworks */,
				CEEABD63282E161200E7767F /* Resources */,
				E660025F0EE1EAF92A4E25BF /* [CP] Embed Pods Frameworks */,
			);
			buildRules = (
			);
			dependencies = (
			);
			name = TablingTest;
			productName = TablingTest;
			productReference = CEEABD65282E161200E7767F /* TablingTest.app */;
			productType = "com.apple.product-type.application";
		};
/* End PBXNativeTarget section */

/* Begin PBXProject section */
		CEEABD5D282E161200E7767F /* Project object */ = {
			isa = PBXProject;
			attributes = {
				BuildIndependentTargetsInParallel = 1;
				LastSwiftUpdateCheck = 1320;
				LastUpgradeCheck = 1320;
				TargetAttributes = {
					CEEABD64282E161200E7767F = {
						CreatedOnToolsVersion = 13.2.1;
					};
				};
			};
			buildConfigurationList = CEEABD60282E161200E7767F /* Build configuration list for PBXProject "TablingTest" */;
			compatibilityVersion = "Xcode 13.0";
			developmentRegion = en;
			hasScannedForEncodings = 0;
			knownRegions = (
				en,
				Base,
			);
			mainGroup = CEEABD5C282E161200E7767F;
			productRefGroup = CEEABD66282E161200E7767F /* Products */;
			projectDirPath = "";
			projectRoot = "";
			targets = (
				CEEABD64282E161200E7767F /* TablingTest */,
			);
		};
/* End PBXProject section */

/* Begin PBXResourcesBuildPhase section */
		CEEABD63282E161200E7767F /* Resources */ = {
			isa = PBXResourcesBuildPhase;
			buildActionMask = 2147483647;
			files = (
				CEEABD75282E161600E7767F /* LaunchScreen.storyboard in Resources */,
				CEEABD72282E161600E7767F /* Assets.xcassets in Resources */,
				CEEABD8C282F431000E7767F /* FavoriteStoreListTableViewHeaderView.xib in Resources */,
				CEEABD88282E3C0900E7767F /* StoreTableViewCell.xib in Resources */,
				CEEABD70282E161200E7767F /* Main.storyboard in Resources */,
			);
			runOnlyForDeploymentPostprocessing = 0;
		};
/* End PBXResourcesBuildPhase section */

/* Begin PBXShellScriptBuildPhase section */
		0DF4A74B21CC766A1A4DFAE6 /* [CP] Check Pods Manifest.lock */ = {
			isa = PBXShellScriptBuildPhase;
			buildActionMask = 2147483647;
			files = (
			);
			inputFileListPaths = (
			);
			inputPaths = (
				"${PODS_PODFILE_DIR_PATH}/Podfile.lock",
				"${PODS_ROOT}/Manifest.lock",
			);
			name = "[CP] Check Pods Manifest.lock";
			outputFileListPaths = (
			);
			outputPaths = (
				"$(DERIVED_FILE_DIR)/Pods-TablingTest-checkManifestLockResult.txt",
			);
			runOnlyForDeploymentPostprocessing = 0;
			shellPath = /bin/sh;
			shellScript = "diff \"${PODS_PODFILE_DIR_PATH}/Podfile.lock\" \"${PODS_ROOT}/Manifest.lock\" > /dev/null\nif [ $? != 0 ] ; then\n    # print error to STDERR\n    echo \"error: The sandbox is not in sync with the Podfile.lock. Run 'pod install' or update your CocoaPods installation.\" >&2\n    exit 1\nfi\n# This output is used by Xcode 'outputs' to avoid re-running this script phase.\necho \"SUCCESS\" > \"${SCRIPT_OUTPUT_FILE_0}\"\n";
			showEnvVarsInLog = 0;
		};
		E660025F0EE1EAF92A4E25BF /* [CP] Embed Pods Frameworks */ = {
			isa = PBXShellScriptBuildPhase;
			buildActionMask = 2147483647;
			files = (
			);
			inputFileListPaths = (
				"${PODS_ROOT}/Target Support Files/Pods-TablingTest/Pods-TablingTest-frameworks-${CONFIGURATION}-input-files.xcfilelist",
			);
			name = "[CP] Embed Pods Frameworks";
			outputFileListPaths = (
				"${PODS_ROOT}/Target Support Files/Pods-TablingTest/Pods-TablingTest-frameworks-${CONFIGURATION}-output-files.xcfilelist",
			);
			runOnlyForDeploymentPostprocessing = 0;
			shellPath = /bin/sh;
			shellScript = "\"${PODS_ROOT}/Target Support Files/Pods-TablingTest/Pods-TablingTest-frameworks.sh\"\n";
			showEnvVarsInLog = 0;
		};
/* End PBXShellScriptBuildPhase section */

/* Begin PBXSourcesBuildPhase section */
		CEEABD61282E161200E7767F /* Sources */ = {
			isa = PBXSourcesBuildPhase;
			buildActionMask = 2147483647;
			files = (
				CEEABD6D282E161200E7767F /* FavoriteStoreListViewController.swift in Sources */,
				CEEABD8A282F42EB00E7767F /* FavoriteStoreListTableViewHeaderView.swift in Sources */,
				CEEABD69282E161200E7767F /* AppDelegate.swift in Sources */,
				CEEABD6B282E161200E7767F /* SceneDelegate.swift in Sources */,
				CEEABD87282E3C0900E7767F /* StoreTableViewCell.swift in Sources */,
			);
			runOnlyForDeploymentPostprocessing = 0;
		};
/* End PBXSourcesBuildPhase section */

/* Begin PBXVariantGroup section */
		CEEABD6E282E161200E7767F /* Main.storyboard */ = {
			isa = PBXVariantGroup;
			children = (
				CEEABD6F282E161200E7767F /* Base */,
			);
			name = Main.storyboard;
			sourceTree = "<group>";
		};
		CEEABD73282E161600E7767F /* LaunchScreen.storyboard */ = {
			isa = PBXVariantGroup;
			children = (
				CEEABD74282E161600E7767F /* Base */,
			);
			name = LaunchScreen.storyboard;
			sourceTree = "<group>";
		};
/* End PBXVariantGroup section */

/* Begin XCBuildConfiguration section */
		CEEABD77282E161600E7767F /* Debug */ = {
			isa = XCBuildConfiguration;
			buildSettings = {
				ALWAYS_SEARCH_USER_PATHS = NO;
				CLANG_ANALYZER_NONNULL = YES;
				CLANG_ANALYZER_NUMBER_OBJECT_CONVERSION = YES_AGGRESSIVE;
				CLANG_CXX_LANGUAGE_STANDARD = "gnu++17";
				CLANG_CXX_LIBRARY = "libc++";
				CLANG_ENABLE_MODULES = YES;
				CLANG_ENABLE_OBJC_ARC = YES;
				CLANG_ENABLE_OBJC_WEAK = YES;
				CLANG_WARN_BLOCK_CAPTURE_AUTORELEASING = YES;
				CLANG_WARN_BOOL_CONVERSION = YES;
				CLANG_WARN_COMMA = YES;
				CLANG_WARN_CONSTANT_CONVERSION = YES;
				CLANG_WARN_DEPRECATED_OBJC_IMPLEMENTATIONS = YES;
				CLANG_WARN_DIRECT_OBJC_ISA_USAGE = YES_ERROR;
				CLANG_WARN_DOCUMENTATION_COMMENTS = YES;
				CLANG_WARN_EMPTY_BODY = YES;
				CLANG_WARN_ENUM_CONVERSION = YES;
				CLANG_WARN_INFINITE_RECURSION = YES;
				CLANG_WARN_INT_CONVERSION = YES;
				CLANG_WARN_NON_LITERAL_NULL_CONVERSION = YES;
				CLANG_WARN_OBJC_IMPLICIT_RETAIN_SELF = YES;
				CLANG_WARN_OBJC_LITERAL_CONVERSION = YES;
				CLANG_WARN_OBJC_ROOT_CLASS = YES_ERROR;
				CLANG_WARN_QUOTED_INCLUDE_IN_FRAMEWORK_HEADER = YES;
				CLANG_WARN_RANGE_LOOP_ANALYSIS = YES;
				CLANG_WARN_STRICT_PROTOTYPES = YES;
				CLANG_WARN_SUSPICIOUS_MOVE = YES;
				CLANG_WARN_UNGUARDED_AVAILABILITY = YES_AGGRESSIVE;
				CLANG_WARN_UNREACHABLE_CODE = YES;
				CLANG_WARN__DUPLICATE_METHOD_MATCH = YES;
				COPY_PHASE_STRIP = NO;
				DEBUG_INFORMATION_FORMAT = dwarf;
				ENABLE_STRICT_OBJC_MSGSEND = YES;
				ENABLE_TESTABILITY = YES;
				GCC_C_LANGUAGE_STANDARD = gnu11;
				GCC_DYNAMIC_NO_PIC = NO;
				GCC_NO_COMMON_BLOCKS = YES;
				GCC_OPTIMIZATION_LEVEL = 0;
				GCC_PREPROCESSOR_DEFINITIONS = (
					"DEBUG=1",
					"$(inherited)",
				);
				GCC_WARN_64_TO_32_BIT_CONVERSION = YES;
				GCC_WARN_ABOUT_RETURN_TYPE = YES_ERROR;
				GCC_WARN_UNDECLARED_SELECTOR = YES;
				GCC_WARN_UNINITIALIZED_AUTOS = YES_AGGRESSIVE;
				GCC_WARN_UNUSED_FUNCTION = YES;
				GCC_WARN_UNUSED_VARIABLE = YES;
				IPHONEOS_DEPLOYMENT_TARGET = 15.2;
				MTL_ENABLE_DEBUG_INFO = INCLUDE_SOURCE;
				MTL_FAST_MATH = YES;
				ONLY_ACTIVE_ARCH = YES;
				SDKROOT = iphoneos;
				SWIFT_ACTIVE_COMPILATION_CONDITIONS = DEBUG;
				SWIFT_OPTIMIZATION_LEVEL = "-Onone";
			};
			name = Debug;
		};
		CEEABD78282E161600E7767F /* Release */ = {
			isa = XCBuildConfiguration;
			buildSettings = {
				ALWAYS_SEARCH_USER_PATHS = NO;
				CLANG_ANALYZER_NONNULL = YES;
				CLANG_ANALYZER_NUMBER_OBJECT_CONVERSION = YES_AGGRESSIVE;
				CLANG_CXX_LANGUAGE_STANDARD = "gnu++17";
				CLANG_CXX_LIBRARY = "libc++";
				CLANG_ENABLE_MODULES = YES;
				CLANG_ENABLE_OBJC_ARC = YES;
				CLANG_ENABLE_OBJC_WEAK = YES;
				CLANG_WARN_BLOCK_CAPTURE_AUTORELEASING = YES;
				CLANG_WARN_BOOL_CONVERSION = YES;
				CLANG_WARN_COMMA = YES;
				CLANG_WARN_CONSTANT_CONVERSION = YES;
				CLANG_WARN_DEPRECATED_OBJC_IMPLEMENTATIONS = YES;
				CLANG_WARN_DIRECT_OBJC_ISA_USAGE = YES_ERROR;
				CLANG_WARN_DOCUMENTATION_COMMENTS = YES;
				CLANG_WARN_EMPTY_BODY = YES;
				CLANG_WARN_ENUM_CONVERSION = YES;
				CLANG_WARN_INFINITE_RECURSION = YES;
				CLANG_WARN_INT_CONVERSION = YES;
				CLANG_WARN_NON_LITERAL_NULL_CONVERSION = YES;
				CLANG_WARN_OBJC_IMPLICIT_RETAIN_SELF = YES;
				CLANG_WARN_OBJC_LITERAL_CONVERSION = YES;
				CLANG_WARN_OBJC_ROOT_CLASS = YES_ERROR;
				CLANG_WARN_QUOTED_INCLUDE_IN_FRAMEWORK_HEADER = YES;
				CLANG_WARN_RANGE_LOOP_ANALYSIS = YES;
				CLANG_WARN_STRICT_PROTOTYPES = YES;
				CLANG_WARN_SUSPICIOUS_MOVE = YES;
				CLANG_WARN_UNGUARDED_AVAILABILITY = YES_AGGRESSIVE;
				CLANG_WARN_UNREACHABLE_CODE = YES;
				CLANG_WARN__DUPLICATE_METHOD_MATCH = YES;
				COPY_PHASE_STRIP = NO;
				DEBUG_INFORMATION_FORMAT = "dwarf-with-dsym";
				ENABLE_NS_ASSERTIONS = NO;
				ENABLE_STRICT_OBJC_MSGSEND = YES;
				GCC_C_LANGUAGE_STANDARD = gnu11;
				GCC_NO_COMMON_BLOCKS = YES;
				GCC_WARN_64_TO_32_BIT_CONVERSION = YES;
				GCC_WARN_ABOUT_RETURN_TYPE = YES_ERROR;
				GCC_WARN_UNDECLARED_SELECTOR = YES;
				GCC_WARN_UNINITIALIZED_AUTOS = YES_AGGRESSIVE;
				GCC_WARN_UNUSED_FUNCTION = YES;
				GCC_WARN_UNUSED_VARIABLE = YES;
				IPHONEOS_DEPLOYMENT_TARGET = 15.2;
				MTL_ENABLE_DEBUG_INFO = NO;
				MTL_FAST_MATH = YES;
				SDKROOT = iphoneos;
				SWIFT_COMPILATION_MODE = wholemodule;
				SWIFT_OPTIMIZATION_LEVEL = "-O";
				VALIDATE_PRODUCT = YES;
			};
			name = Release;
		};
		CEEABD7A282E161600E7767F /* Debug */ = {
			isa = XCBuildConfiguration;
			baseConfigurationReference = 85BCBD6F9DD4A1013573DC0F /* Pods-TablingTest.debug.xcconfig */;
			buildSettings = {
				ASSETCATALOG_COMPILER_APPICON_NAME = AppIcon;
				ASSETCATALOG_COMPILER_GLOBAL_ACCENT_COLOR_NAME = AccentColor;
				CODE_SIGN_STYLE = Automatic;
				CURRENT_PROJECT_VERSION = 1;
				DEVELOPMENT_TEAM = 78N9H93U2R;
				GENERATE_INFOPLIST_FILE = YES;
				INFOPLIST_FILE = "TablingTest/Supporting Files/Info.plist";
				INFOPLIST_KEY_UIApplicationSupportsIndirectInputEvents = YES;
				INFOPLIST_KEY_UILaunchStoryboardName = LaunchScreen;
				INFOPLIST_KEY_UIMainStoryboardFile = Main;
				INFOPLIST_KEY_UISupportedInterfaceOrientations_iPad = "UIInterfaceOrientationPortrait UIInterfaceOrientationPortraitUpsideDown UIInterfaceOrientationLandscapeLeft UIInterfaceOrientationLandscapeRight";
				INFOPLIST_KEY_UISupportedInterfaceOrientations_iPhone = "UIInterfaceOrientationPortrait UIInterfaceOrientationLandscapeLeft UIInterfaceOrientationLandscapeRight";
				IPHONEOS_DEPLOYMENT_TARGET = 13.0;
				LD_RUNPATH_SEARCH_PATHS = (
					"$(inherited)",
					"@executable_path/Frameworks",
				);
				MARKETING_VERSION = 1.0.0;
				PRODUCT_BUNDLE_IDENTIFIER = com.test.TablingTest;
				PRODUCT_NAME = "$(TARGET_NAME)";
				SWIFT_EMIT_LOC_STRINGS = YES;
				SWIFT_VERSION = 5.0;
				TARGETED_DEVICE_FAMILY = 1;
			};
			name = Debug;
		};
		CEEABD7B282E161600E7767F /* Release */ = {
			isa = XCBuildConfiguration;
			baseConfigurationReference = 27FDE58084D8D60764709629 /* Pods-TablingTest.release.xcconfig */;
			buildSettings = {
				ASSETCATALOG_COMPILER_APPICON_NAME = AppIcon;
				ASSETCATALOG_COMPILER_GLOBAL_ACCENT_COLOR_NAME = AccentColor;
				CODE_SIGN_STYLE = Automatic;
				CURRENT_PROJECT_VERSION = 1;
				DEVELOPMENT_TEAM = 78N9H93U2R;
				GENERATE_INFOPLIST_FILE = YES;
				INFOPLIST_FILE = "TablingTest/Supporting Files/Info.plist";
				INFOPLIST_KEY_UIApplicationSupportsIndirectInputEvents = YES;
				INFOPLIST_KEY_UILaunchStoryboardName = LaunchScreen;
				INFOPLIST_KEY_UIMainStoryboardFile = Main;
				INFOPLIST_KEY_UISupportedInterfaceOrientations_iPad = "UIInterfaceOrientationPortrait UIInterfaceOrientationPortraitUpsideDown UIInterfaceOrientationLandscapeLeft UIInterfaceOrientationLandscapeRight";
				INFOPLIST_KEY_UISupportedInterfaceOrientations_iPhone = "UIInterfaceOrientationPortrait UIInterfaceOrientationLandscapeLeft UIInterfaceOrientationLandscapeRight";
				IPHONEOS_DEPLOYMENT_TARGET = 13.0;
				LD_RUNPATH_SEARCH_PATHS = (
					"$(inherited)",
					"@executable_path/Frameworks",
				);
				MARKETING_VERSION = 1.0.0;
				PRODUCT_BUNDLE_IDENTIFIER = com.test.TablingTest;
				PRODUCT_NAME = "$(TARGET_NAME)";
				SWIFT_EMIT_LOC_STRINGS = YES;
				SWIFT_VERSION = 5.0;
				TARGETED_DEVICE_FAMILY = 1;
			};
			name = Release;
		};
/* End XCBuildConfiguration section */

/* Begin XCConfigurationList section */
		CEEABD60282E161200E7767F /* Build configuration list for PBXProject "TablingTest" */ = {
			isa = XCConfigurationList;
			buildConfigurations = (
				CEEABD77282E161600E7767F /* Debug */,
				CEEABD78282E161600E7767F /* Release */,
			);
			defaultConfigurationIsVisible = 0;
			defaultConfigurationName = Release;
		};
		CEEABD79282E161600E7767F /* Build configuration list for PBXNativeTarget "TablingTest" */ = {
			isa = XCConfigurationList;
			buildConfigurations = (
				CEEABD7A282E161600E7767F /* Debug */,
				CEEABD7B282E161600E7767F /* Release */,
			);
			defaultConfigurationIsVisible = 0;
			defaultConfigurationName = Release;
		};
/* End XCConfigurationList section */
	};
	rootObject = CEEABD5D282E161200E7767F /* Project object */;
}
